
Microsoft Visual Studio Solution File, Format Version 12.00
# Visual Studio Version 17
VisualStudioVersion = 17.6.33723.286
MinimumVisualStudioVersion = 10.0.40219.1
Project("{9A19103F-16F7-4668-BE54-9A1E7A4F7556}") = "KsiegarniaProject", "KsiegarniaProject\KsiegarniaProject.csproj", "{A1014E36-DD89-4BCF-A24D-83DDDE6DC396}"
EndProject
Project("{9A19103F-16F7-4668-BE54-9A1E7A4F7556}") = "Tests", "Tests\Tests.csproj", "{16605682-9DD9-401E-914B-6CF3FE89DA5D}"
EndProject
Global
	GlobalSection(SolutionConfigurationPlatforms) = preSolution
		Debug|Any CPU = Debug|Any CPU
		Release|Any CPU = Release|Any CPU
	EndGlobalSection
	GlobalSection(ProjectConfigurationPlatforms) = postSolution
		{A1014E36-DD89-4BCF-A24D-83DDDE6DC396}.Debug|Any CPU.ActiveCfg = Debug|Any CPU
		{A1014E36-DD89-4BCF-A24D-83DDDE6DC396}.Debug|Any CPU.Build.0 = Debug|Any CPU
		{A1014E36-DD89-4BCF-A24D-83DDDE6DC396}.Release|Any CPU.ActiveCfg = Release|Any CPU
		{A1014E36-DD89-4BCF-A24D-83DDDE6DC396}.Release|Any CPU.Build.0 = Release|Any CPU
		{16605682-9DD9-401E-914B-6CF3FE89DA5D}.Debug|Any CPU.ActiveCfg = Debug|Any CPU
		{16605682-9DD9-401E-914B-6CF3FE89DA5D}.Debug|Any CPU.Build.0 = Debug|Any CPU
		{16605682-9DD9-401E-914B-6CF3FE89DA5D}.Release|Any CPU.ActiveCfg = Release|Any CPU
		{16605682-9DD9-401E-914B-6CF3FE89DA5D}.Release|Any CPU.Build.0 = Release|Any CPU
	EndGlobalSection
	GlobalSection(SolutionProperties) = preSolution
		HideSolutionNode = FALSE
	EndGlobalSection
	GlobalSection(ExtensibilityGlobals) = postSolution
		SolutionGuid = {7E20F28B-BFA0-473C-9D4E-23D2E9C4505C}
	EndGlobalSection
EndGlobal
